// !$*UTF8*$!
{
	archiveVersion = 1;
	classes = {
	};
	objectVersion = 56;
	objects = {

/* Begin PBXBuildFile section */
		BC330F1129C61903005334FD /* CheckBoxView.swift in Sources */ = {isa = PBXBuildFile; fileRef = BC330F1029C61903005334FD /* CheckBoxView.swift */; };
		BC34831C29A57565005DA547 /* TransitionScreenView.swift in Sources */ = {isa = PBXBuildFile; fileRef = BC34831B29A57565005DA547 /* TransitionScreenView.swift */; };
		BC4A1AA1299D88C4006BFC05 /* Utilities.swift in Sources */ = {isa = PBXBuildFile; fileRef = BC4A1A9B299D88C3006BFC05 /* Utilities.swift */; };
		BC4A1AA2299D88C4006BFC05 /* PiPMixer.metal in Sources */ = {isa = PBXBuildFile; fileRef = BC4A1A9C299D88C3006BFC05 /* PiPMixer.metal */; };
		BC4A1AA3299D88C4006BFC05 /* CameraViewController.swift in Sources */ = {isa = PBXBuildFile; fileRef = BC4A1A9D299D88C3006BFC05 /* CameraViewController.swift */; };
		BC4A1AA4299D88C4006BFC05 /* PreviewView.swift in Sources */ = {isa = PBXBuildFile; fileRef = BC4A1A9E299D88C4006BFC05 /* PreviewView.swift */; };
		BC4A1AA5299D88C4006BFC05 /* PiPVideoMixer.swift in Sources */ = {isa = PBXBuildFile; fileRef = BC4A1A9F299D88C4006BFC05 /* PiPVideoMixer.swift */; };
		BC4A1AA6299D88C4006BFC05 /* MovieRecorder.swift in Sources */ = {isa = PBXBuildFile; fileRef = BC4A1AA0299D88C4006BFC05 /* MovieRecorder.swift */; };
		BC72B605296B9F5B00277CCB /* FancasterApp.swift in Sources */ = {isa = PBXBuildFile; fileRef = BC72B604296B9F5B00277CCB /* FancasterApp.swift */; };
		BC72B607296B9F5B00277CCB /* ContentView.swift in Sources */ = {isa = PBXBuildFile; fileRef = BC72B606296B9F5B00277CCB /* ContentView.swift */; };
		BC72B609296B9F5E00277CCB /* Assets.xcassets in Resources */ = {isa = PBXBuildFile; fileRef = BC72B608296B9F5E00277CCB /* Assets.xcassets */; };
		BC72B60C296B9F5E00277CCB /* Preview Assets.xcassets in Resources */ = {isa = PBXBuildFile; fileRef = BC72B60B296B9F5E00277CCB /* Preview Assets.xcassets */; };
		BC72B616296B9F5E00277CCB /* FancasterTests.swift in Sources */ = {isa = PBXBuildFile; fileRef = BC72B615296B9F5E00277CCB /* FancasterTests.swift */; };
		BC72B620296B9F5F00277CCB /* FancasterUITests.swift in Sources */ = {isa = PBXBuildFile; fileRef = BC72B61F296B9F5F00277CCB /* FancasterUITests.swift */; };
		BC72B622296B9F5F00277CCB /* FancasterUITestsLaunchTests.swift in Sources */ = {isa = PBXBuildFile; fileRef = BC72B621296B9F5F00277CCB /* FancasterUITestsLaunchTests.swift */; };
		BC72B62F296BD0E600277CCB /* LoginView.swift in Sources */ = {isa = PBXBuildFile; fileRef = BC72B62E296BD0E600277CCB /* LoginView.swift */; };
		BC77223829C4C86D0056886F /* Fancaster_prov.mobileprovision in Resources */ = {isa = PBXBuildFile; fileRef = BC77223729C4C86C0056886F /* Fancaster_prov.mobileprovision */; };
		BCB5DDC52996A05100A03BAE /* FrameView.swift in Sources */ = {isa = PBXBuildFile; fileRef = BCB5DDC42996A05100A03BAE /* FrameView.swift */; };
		BCB8F60429B0EEB900E1D353 /* SignUpViewModel.swift in Sources */ = {isa = PBXBuildFile; fileRef = BCB8F60329B0EEB900E1D353 /* SignUpViewModel.swift */; };
		BCBCB1C329A28F1D00530138 /* Main.storyboard in Resources */ = {isa = PBXBuildFile; fileRef = BC4A1AAB299D8A0B006BFC05 /* Main.storyboard */; };
		BCBCB1C529A291AC00530138 /* GoogleService-Info.plist in Resources */ = {isa = PBXBuildFile; fileRef = BCBCB1C429A291AB00530138 /* GoogleService-Info.plist */; };
		BCBCB1C829A2927E00530138 /* FirebaseAnalytics in Frameworks */ = {isa = PBXBuildFile; productRef = BCBCB1C729A2927E00530138 /* FirebaseAnalytics */; };
		BCBCB1CA29A2927E00530138 /* FirebaseAnalyticsOnDeviceConversion in Frameworks */ = {isa = PBXBuildFile; productRef = BCBCB1C929A2927E00530138 /* FirebaseAnalyticsOnDeviceConversion */; };
		BCBCB1CC29A2927E00530138 /* FirebaseAnalyticsSwift in Frameworks */ = {isa = PBXBuildFile; productRef = BCBCB1CB29A2927E00530138 /* FirebaseAnalyticsSwift */; };
		BCBCB1CE29A2927E00530138 /* FirebaseAnalyticsWithoutAdIdSupport in Frameworks */ = {isa = PBXBuildFile; productRef = BCBCB1CD29A2927E00530138 /* FirebaseAnalyticsWithoutAdIdSupport */; };
		BCBCB1D029A2927E00530138 /* FirebaseAppDistribution-Beta in Frameworks */ = {isa = PBXBuildFile; productRef = BCBCB1CF29A2927E00530138 /* FirebaseAppDistribution-Beta */; };
		BCBCB1D229A2927E00530138 /* FirebaseAuth in Frameworks */ = {isa = PBXBuildFile; productRef = BCBCB1D129A2927E00530138 /* FirebaseAuth */; };
		BCBCB1D429A2927E00530138 /* FirebaseCrashlytics in Frameworks */ = {isa = PBXBuildFile; productRef = BCBCB1D329A2927E00530138 /* FirebaseCrashlytics */; };
		BCBCB1D629A292AA00530138 /* CheckListData.swift in Sources */ = {isa = PBXBuildFile; fileRef = BCBCB1D529A292AA00530138 /* CheckListData.swift */; };
		BCBCB1D829A292D600530138 /* CheckListItem.swift in Sources */ = {isa = PBXBuildFile; fileRef = BCBCB1D729A292D600530138 /* CheckListItem.swift */; };
		BCBCB1F229A2B4EE00530138 /* SwiftUIRouter in Frameworks */ = {isa = PBXBuildFile; productRef = BCBCB1F129A2B4EE00530138 /* SwiftUIRouter */; };
		BCC157FE2972739900CC0CB9 /* OtpView.swift in Sources */ = {isa = PBXBuildFile; fileRef = BCC157FD2972739900CC0CB9 /* OtpView.swift */; };
		BCC1580029731CF000CC0CB9 /* OtpViewModel.swift in Sources */ = {isa = PBXBuildFile; fileRef = BCC157FF29731CF000CC0CB9 /* OtpViewModel.swift */; };
		BCC1580229732D4B00CC0CB9 /* SignUpView.swift in Sources */ = {isa = PBXBuildFile; fileRef = BCC1580129732D4B00CC0CB9 /* SignUpView.swift */; };
		BCC1580429732EDC00CC0CB9 /* WaitingView.swift in Sources */ = {isa = PBXBuildFile; fileRef = BCC1580329732EDC00CC0CB9 /* WaitingView.swift */; };
		BCC1580629734A9300CC0CB9 /* HomeView.swift in Sources */ = {isa = PBXBuildFile; fileRef = BCC1580529734A9300CC0CB9 /* HomeView.swift */; };
		BCC158082973781F00CC0CB9 /* ChannelSelectionView.swift in Sources */ = {isa = PBXBuildFile; fileRef = BCC158072973781F00CC0CB9 /* ChannelSelectionView.swift */; };
		BCE5A18529AD53B80058086D /* WaitingForConnection.swift in Sources */ = {isa = PBXBuildFile; fileRef = BCE5A18429AD53B70058086D /* WaitingForConnection.swift */; };
		BCF4B6B629AE88D90008014C /* MenuView.swift in Sources */ = {isa = PBXBuildFile; fileRef = BCF4B6B529AE88D90008014C /* MenuView.swift */; };
		BCF4B6B829AEC7B60008014C /* Splash.storyboard in Resources */ = {isa = PBXBuildFile; fileRef = BCF4B6B729AEC7B60008014C /* Splash.storyboard */; };
		BCF4B6BA29AEC8350008014C /* SplashViewController.swift in Sources */ = {isa = PBXBuildFile; fileRef = BCF4B6B929AEC8350008014C /* SplashViewController.swift */; };
		BCF4B6BC29AED4740008014C /* User.swift in Sources */ = {isa = PBXBuildFile; fileRef = BCF4B6BB29AED4740008014C /* User.swift */; };
/* End PBXBuildFile section */

/* Begin PBXContainerItemProxy section */
		BC72B612296B9F5E00277CCB /* PBXContainerItemProxy */ = {
			isa = PBXContainerItemProxy;
			containerPortal = BC72B5F9296B9F5B00277CCB /* Project object */;
			proxyType = 1;
			remoteGlobalIDString = BC72B600296B9F5B00277CCB;
			remoteInfo = Fancaster;
		};
		BC72B61C296B9F5F00277CCB /* PBXContainerItemProxy */ = {
			isa = PBXContainerItemProxy;
			containerPortal = BC72B5F9296B9F5B00277CCB /* Project object */;
			proxyType = 1;
			remoteGlobalIDString = BC72B600296B9F5B00277CCB;
			remoteInfo = Fancaster;
		};
/* End PBXContainerItemProxy section */

/* Begin PBXFileReference section */
		BC330F1029C61903005334FD /* CheckBoxView.swift */ = {isa = PBXFileReference; lastKnownFileType = sourcecode.swift; path = CheckBoxView.swift; sourceTree = "<group>"; };
		BC34831B29A57565005DA547 /* TransitionScreenView.swift */ = {isa = PBXFileReference; lastKnownFileType = sourcecode.swift; path = TransitionScreenView.swift; sourceTree = "<group>"; };
		BC4A1A96299D8134006BFC05 /* Info.plist */ = {isa = PBXFileReference; lastKnownFileType = text.plist; path = Info.plist; sourceTree = "<group>"; };
		BC4A1A9B299D88C3006BFC05 /* Utilities.swift */ = {isa = PBXFileReference; fileEncoding = 4; lastKnownFileType = sourcecode.swift; path = Utilities.swift; sourceTree = "<group>"; };
		BC4A1A9C299D88C3006BFC05 /* PiPMixer.metal */ = {isa = PBXFileReference; fileEncoding = 4; lastKnownFileType = sourcecode.metal; path = PiPMixer.metal; sourceTree = "<group>"; };
		BC4A1A9D299D88C3006BFC05 /* CameraViewController.swift */ = {isa = PBXFileReference; fileEncoding = 4; lastKnownFileType = sourcecode.swift; path = CameraViewController.swift; sourceTree = "<group>"; };
		BC4A1A9E299D88C4006BFC05 /* PreviewView.swift */ = {isa = PBXFileReference; fileEncoding = 4; lastKnownFileType = sourcecode.swift; path = PreviewView.swift; sourceTree = "<group>"; };
		BC4A1A9F299D88C4006BFC05 /* PiPVideoMixer.swift */ = {isa = PBXFileReference; fileEncoding = 4; lastKnownFileType = sourcecode.swift; path = PiPVideoMixer.swift; sourceTree = "<group>"; };
		BC4A1AA0299D88C4006BFC05 /* MovieRecorder.swift */ = {isa = PBXFileReference; fileEncoding = 4; lastKnownFileType = sourcecode.swift; path = MovieRecorder.swift; sourceTree = "<group>"; };
		BC4A1AAB299D8A0B006BFC05 /* Main.storyboard */ = {isa = PBXFileReference; lastKnownFileType = file.storyboard; path = Main.storyboard; sourceTree = "<group>"; };
		BC72B601296B9F5B00277CCB /* Fancaster.app */ = {isa = PBXFileReference; explicitFileType = wrapper.application; includeInIndex = 0; path = Fancaster.app; sourceTree = BUILT_PRODUCTS_DIR; };
		BC72B604296B9F5B00277CCB /* FancasterApp.swift */ = {isa = PBXFileReference; lastKnownFileType = sourcecode.swift; path = FancasterApp.swift; sourceTree = "<group>"; };
		BC72B606296B9F5B00277CCB /* ContentView.swift */ = {isa = PBXFileReference; lastKnownFileType = sourcecode.swift; path = ContentView.swift; sourceTree = "<group>"; };
		BC72B608296B9F5E00277CCB /* Assets.xcassets */ = {isa = PBXFileReference; lastKnownFileType = folder.assetcatalog; path = Assets.xcassets; sourceTree = "<group>"; };
		BC72B60B296B9F5E00277CCB /* Preview Assets.xcassets */ = {isa = PBXFileReference; lastKnownFileType = folder.assetcatalog; path = "Preview Assets.xcassets"; sourceTree = "<group>"; };
		BC72B611296B9F5E00277CCB /* FancasterTests.xctest */ = {isa = PBXFileReference; explicitFileType = wrapper.cfbundle; includeInIndex = 0; path = FancasterTests.xctest; sourceTree = BUILT_PRODUCTS_DIR; };
		BC72B615296B9F5E00277CCB /* FancasterTests.swift */ = {isa = PBXFileReference; lastKnownFileType = sourcecode.swift; path = FancasterTests.swift; sourceTree = "<group>"; };
		BC72B61B296B9F5F00277CCB /* FancasterUITests.xctest */ = {isa = PBXFileReference; explicitFileType = wrapper.cfbundle; includeInIndex = 0; path = FancasterUITests.xctest; sourceTree = BUILT_PRODUCTS_DIR; };
		BC72B61F296B9F5F00277CCB /* FancasterUITests.swift */ = {isa = PBXFileReference; lastKnownFileType = sourcecode.swift; path = FancasterUITests.swift; sourceTree = "<group>"; };
		BC72B621296B9F5F00277CCB /* FancasterUITestsLaunchTests.swift */ = {isa = PBXFileReference; lastKnownFileType = sourcecode.swift; path = FancasterUITestsLaunchTests.swift; sourceTree = "<group>"; };
		BC72B62E296BD0E600277CCB /* LoginView.swift */ = {isa = PBXFileReference; lastKnownFileType = sourcecode.swift; path = LoginView.swift; sourceTree = "<group>"; };
		BC77223729C4C86C0056886F /* Fancaster_prov.mobileprovision */ = {isa = PBXFileReference; lastKnownFileType = file; path = Fancaster_prov.mobileprovision; sourceTree = "<group>"; };
		BCB5DDC42996A05100A03BAE /* FrameView.swift */ = {isa = PBXFileReference; lastKnownFileType = sourcecode.swift; path = FrameView.swift; sourceTree = "<group>"; };
		BCB8F60329B0EEB900E1D353 /* SignUpViewModel.swift */ = {isa = PBXFileReference; lastKnownFileType = sourcecode.swift; path = SignUpViewModel.swift; sourceTree = "<group>"; };
		BCBCB1C429A291AB00530138 /* GoogleService-Info.plist */ = {isa = PBXFileReference; fileEncoding = 4; lastKnownFileType = text.plist.xml; path = "GoogleService-Info.plist"; sourceTree = "<group>"; };
		BCBCB1D529A292AA00530138 /* CheckListData.swift */ = {isa = PBXFileReference; lastKnownFileType = sourcecode.swift; path = CheckListData.swift; sourceTree = "<group>"; };
		BCBCB1D729A292D600530138 /* CheckListItem.swift */ = {isa = PBXFileReference; lastKnownFileType = sourcecode.swift; path = CheckListItem.swift; sourceTree = "<group>"; };
		BCBCB1D929A29A0F00530138 /* Fancaster.entitlements */ = {isa = PBXFileReference; lastKnownFileType = text.plist.entitlements; path = Fancaster.entitlements; sourceTree = "<group>"; };
		BCC157FD2972739900CC0CB9 /* OtpView.swift */ = {isa = PBXFileReference; lastKnownFileType = sourcecode.swift; path = OtpView.swift; sourceTree = "<group>"; };
		BCC157FF29731CF000CC0CB9 /* OtpViewModel.swift */ = {isa = PBXFileReference; lastKnownFileType = sourcecode.swift; path = OtpViewModel.swift; sourceTree = "<group>"; };
		BCC1580129732D4B00CC0CB9 /* SignUpView.swift */ = {isa = PBXFileReference; lastKnownFileType = sourcecode.swift; path = SignUpView.swift; sourceTree = "<group>"; };
		BCC1580329732EDC00CC0CB9 /* WaitingView.swift */ = {isa = PBXFileReference; lastKnownFileType = sourcecode.swift; path = WaitingView.swift; sourceTree = "<group>"; };
		BCC1580529734A9300CC0CB9 /* HomeView.swift */ = {isa = PBXFileReference; lastKnownFileType = sourcecode.swift; path = HomeView.swift; sourceTree = "<group>"; };
		BCC158072973781F00CC0CB9 /* ChannelSelectionView.swift */ = {isa = PBXFileReference; lastKnownFileType = sourcecode.swift; path = ChannelSelectionView.swift; sourceTree = "<group>"; };
		BCE5A18429AD53B70058086D /* WaitingForConnection.swift */ = {isa = PBXFileReference; lastKnownFileType = sourcecode.swift; path = WaitingForConnection.swift; sourceTree = "<group>"; };
		BCF4B6B529AE88D90008014C /* MenuView.swift */ = {isa = PBXFileReference; lastKnownFileType = sourcecode.swift; path = MenuView.swift; sourceTree = "<group>"; };
		BCF4B6B729AEC7B60008014C /* Splash.storyboard */ = {isa = PBXFileReference; lastKnownFileType = file.storyboard; path = Splash.storyboard; sourceTree = "<group>"; };
		BCF4B6B929AEC8350008014C /* SplashViewController.swift */ = {isa = PBXFileReference; lastKnownFileType = sourcecode.swift; path = SplashViewController.swift; sourceTree = "<group>"; };
		BCF4B6BB29AED4740008014C /* User.swift */ = {isa = PBXFileReference; lastKnownFileType = sourcecode.swift; path = User.swift; sourceTree = "<group>"; };
/* End PBXFileReference section */

/* Begin PBXFrameworksBuildPhase section */
		BC72B5FE296B9F5B00277CCB /* Frameworks */ = {
			isa = PBXFrameworksBuildPhase;
			buildActionMask = 2147483647;
			files = (
				BCBCB1CC29A2927E00530138 /* FirebaseAnalyticsSwift in Frameworks */,
				BCBCB1F229A2B4EE00530138 /* SwiftUIRouter in Frameworks */,
				BCBCB1D229A2927E00530138 /* FirebaseAuth in Frameworks */,
				BCBCB1C829A2927E00530138 /* FirebaseAnalytics in Frameworks */,
				BCBCB1D429A2927E00530138 /* FirebaseCrashlytics in Frameworks */,
				BCBCB1D029A2927E00530138 /* FirebaseAppDistribution-Beta in Frameworks */,
				BCBCB1CA29A2927E00530138 /* FirebaseAnalyticsOnDeviceConversion in Frameworks */,
				BCBCB1CE29A2927E00530138 /* FirebaseAnalyticsWithoutAdIdSupport in Frameworks */,
			);
			runOnlyForDeploymentPostprocessing = 0;
		};
		BC72B60E296B9F5E00277CCB /* Frameworks */ = {
			isa = PBXFrameworksBuildPhase;
			buildActionMask = 2147483647;
			files = (
			);
			runOnlyForDeploymentPostprocessing = 0;
		};
		BC72B618296B9F5F00277CCB /* Frameworks */ = {
			isa = PBXFrameworksBuildPhase;
			buildActionMask = 2147483647;
			files = (
			);
			runOnlyForDeploymentPostprocessing = 0;
		};
/* End PBXFrameworksBuildPhase section */

/* Begin PBXGroup section */
		BC4A1AAE299D8CC6006BFC05 /* Storyboardfiles */ = {
			isa = PBXGroup;
			children = (
				BC4A1AAB299D8A0B006BFC05 /* Main.storyboard */,
				BCF4B6B729AEC7B60008014C /* Splash.storyboard */,
			);
			path = Storyboardfiles;
			sourceTree = "<group>";
		};
		BC72B5F8296B9F5B00277CCB = {
			isa = PBXGroup;
			children = (
				BC77223729C4C86C0056886F /* Fancaster_prov.mobileprovision */,
				BCB5DDC42996A05100A03BAE /* FrameView.swift */,
				BC72B603296B9F5B00277CCB /* Fancaster */,
				BC72B614296B9F5E00277CCB /* FancasterTests */,
				BC72B61E296B9F5F00277CCB /* FancasterUITests */,
				BC72B602296B9F5B00277CCB /* Products */,
			);
			sourceTree = "<group>";
		};
		BC72B602296B9F5B00277CCB /* Products */ = {
			isa = PBXGroup;
			children = (
				BC72B601296B9F5B00277CCB /* Fancaster.app */,
				BC72B611296B9F5E00277CCB /* FancasterTests.xctest */,
				BC72B61B296B9F5F00277CCB /* FancasterUITests.xctest */,
			);
			name = Products;
			sourceTree = "<group>";
		};
		BC72B603296B9F5B00277CCB /* Fancaster */ = {
			isa = PBXGroup;
			children = (
				BCBCB1D929A29A0F00530138 /* Fancaster.entitlements */,
				BCBCB1C429A291AB00530138 /* GoogleService-Info.plist */,
				BC4A1AAE299D8CC6006BFC05 /* Storyboardfiles */,
				BC4A1A96299D8134006BFC05 /* Info.plist */,
				BC4A1A9D299D88C3006BFC05 /* CameraViewController.swift */,
				BC4A1AA0299D88C4006BFC05 /* MovieRecorder.swift */,
				BC4A1A9C299D88C3006BFC05 /* PiPMixer.metal */,
				BC4A1A9F299D88C4006BFC05 /* PiPVideoMixer.swift */,
				BC4A1A9E299D88C4006BFC05 /* PreviewView.swift */,
				BC4A1A9B299D88C3006BFC05 /* Utilities.swift */,
				BCC157FF29731CF000CC0CB9 /* OtpViewModel.swift */,
				BC72B604296B9F5B00277CCB /* FancasterApp.swift */,
				BC72B606296B9F5B00277CCB /* ContentView.swift */,
				BCC157FD2972739900CC0CB9 /* OtpView.swift */,
				BC72B608296B9F5E00277CCB /* Assets.xcassets */,
				BC72B60A296B9F5E00277CCB /* Preview Content */,
				BC72B62E296BD0E600277CCB /* LoginView.swift */,
				BCC1580129732D4B00CC0CB9 /* SignUpView.swift */,
				BCC1580329732EDC00CC0CB9 /* WaitingView.swift */,
				BCC1580529734A9300CC0CB9 /* HomeView.swift */,
				BCC158072973781F00CC0CB9 /* ChannelSelectionView.swift */,
				BCBCB1D529A292AA00530138 /* CheckListData.swift */,
				BCBCB1D729A292D600530138 /* CheckListItem.swift */,
				BC34831B29A57565005DA547 /* TransitionScreenView.swift */,
				BCE5A18429AD53B70058086D /* WaitingForConnection.swift */,
				BCF4B6B529AE88D90008014C /* MenuView.swift */,
				BCF4B6B929AEC8350008014C /* SplashViewController.swift */,
				BCF4B6BB29AED4740008014C /* User.swift */,
				BCB8F60329B0EEB900E1D353 /* SignUpViewModel.swift */,
				BC330F1029C61903005334FD /* CheckBoxView.swift */,
			);
			path = Fancaster;
			sourceTree = "<group>";
		};
		BC72B60A296B9F5E00277CCB /* Preview Content */ = {
			isa = PBXGroup;
			children = (
				BC72B60B296B9F5E00277CCB /* Preview Assets.xcassets */,
			);
			path = "Preview Content";
			sourceTree = "<group>";
		};
		BC72B614296B9F5E00277CCB /* FancasterTests */ = {
			isa = PBXGroup;
			children = (
				BC72B615296B9F5E00277CCB /* FancasterTests.swift */,
			);
			path = FancasterTests;
			sourceTree = "<group>";
		};
		BC72B61E296B9F5F00277CCB /* FancasterUITests */ = {
			isa = PBXGroup;
			children = (
				BC72B61F296B9F5F00277CCB /* FancasterUITests.swift */,
				BC72B621296B9F5F00277CCB /* FancasterUITestsLaunchTests.swift */,
			);
			path = FancasterUITests;
			sourceTree = "<group>";
		};
/* End PBXGroup section */

/* Begin PBXNativeTarget section */
		BC72B600296B9F5B00277CCB /* Fancaster */ = {
			isa = PBXNativeTarget;
			buildConfigurationList = BC72B625296B9F5F00277CCB /* Build configuration list for PBXNativeTarget "Fancaster" */;
			buildPhases = (
				BC72B5FD296B9F5B00277CCB /* Sources */,
				BC72B5FE296B9F5B00277CCB /* Frameworks */,
				BC72B5FF296B9F5B00277CCB /* Resources */,
			);
			buildRules = (
			);
			dependencies = (
			);
			name = Fancaster;
			packageProductDependencies = (
				BCBCB1C729A2927E00530138 /* FirebaseAnalytics */,
				BCBCB1C929A2927E00530138 /* FirebaseAnalyticsOnDeviceConversion */,
				BCBCB1CB29A2927E00530138 /* FirebaseAnalyticsSwift */,
				BCBCB1CD29A2927E00530138 /* FirebaseAnalyticsWithoutAdIdSupport */,
				BCBCB1CF29A2927E00530138 /* FirebaseAppDistribution-Beta */,
				BCBCB1D129A2927E00530138 /* FirebaseAuth */,
				BCBCB1D329A2927E00530138 /* FirebaseCrashlytics */,
				BCBCB1F129A2B4EE00530138 /* SwiftUIRouter */,
			);
			productName = Fancaster;
			productReference = BC72B601296B9F5B00277CCB /* Fancaster.app */;
			productType = "com.apple.product-type.application";
		};
		BC72B610296B9F5E00277CCB /* FancasterTests */ = {
			isa = PBXNativeTarget;
			buildConfigurationList = BC72B628296B9F5F00277CCB /* Build configuration list for PBXNativeTarget "FancasterTests" */;
			buildPhases = (
				BC72B60D296B9F5E00277CCB /* Sources */,
				BC72B60E296B9F5E00277CCB /* Frameworks */,
				BC72B60F296B9F5E00277CCB /* Resources */,
			);
			buildRules = (
			);
			dependencies = (
				BC72B613296B9F5E00277CCB /* PBXTargetDependency */,
			);
			name = FancasterTests;
			productName = FancasterTests;
			productReference = BC72B611296B9F5E00277CCB /* FancasterTests.xctest */;
			productType = "com.apple.product-type.bundle.unit-test";
		};
		BC72B61A296B9F5F00277CCB /* FancasterUITests */ = {
			isa = PBXNativeTarget;
			buildConfigurationList = BC72B62B296B9F5F00277CCB /* Build configuration list for PBXNativeTarget "FancasterUITests" */;
			buildPhases = (
				BC72B617296B9F5F00277CCB /* Sources */,
				BC72B618296B9F5F00277CCB /* Frameworks */,
				BC72B619296B9F5F00277CCB /* Resources */,
			);
			buildRules = (
			);
			dependencies = (
				BC72B61D296B9F5F00277CCB /* PBXTargetDependency */,
			);
			name = FancasterUITests;
			productName = FancasterUITests;
			productReference = BC72B61B296B9F5F00277CCB /* FancasterUITests.xctest */;
			productType = "com.apple.product-type.bundle.ui-testing";
		};
/* End PBXNativeTarget section */

/* Begin PBXProject section */
		BC72B5F9296B9F5B00277CCB /* Project object */ = {
			isa = PBXProject;
			attributes = {
				BuildIndependentTargetsInParallel = 1;
				LastSwiftUpdateCheck = 1420;
				LastUpgradeCheck = 1420;
				TargetAttributes = {
					BC72B600296B9F5B00277CCB = {
						CreatedOnToolsVersion = 14.2;
					};
					BC72B610296B9F5E00277CCB = {
						CreatedOnToolsVersion = 14.2;
						TestTargetID = BC72B600296B9F5B00277CCB;
					};
					BC72B61A296B9F5F00277CCB = {
						CreatedOnToolsVersion = 14.2;
						TestTargetID = BC72B600296B9F5B00277CCB;
					};
				};
			};
			buildConfigurationList = BC72B5FC296B9F5B00277CCB /* Build configuration list for PBXProject "Fancaster" */;
			compatibilityVersion = "Xcode 14.0";
			developmentRegion = en;
			hasScannedForEncodings = 0;
			knownRegions = (
				en,
				Base,
			);
			mainGroup = BC72B5F8296B9F5B00277CCB;
			packageReferences = (
				BCBCB1C629A2927E00530138 /* XCRemoteSwiftPackageReference "firebase-ios-sdk" */,
				BCBCB1F029A2B4EE00530138 /* XCRemoteSwiftPackageReference "SwiftUIRouter" */,
			);
			productRefGroup = BC72B602296B9F5B00277CCB /* Products */;
			projectDirPath = "";
			projectRoot = "";
			targets = (
				BC72B600296B9F5B00277CCB /* Fancaster */,
				BC72B610296B9F5E00277CCB /* FancasterTests */,
				BC72B61A296B9F5F00277CCB /* FancasterUITests */,
			);
		};
/* End PBXProject section */

/* Begin PBXResourcesBuildPhase section */
		BC72B5FF296B9F5B00277CCB /* Resources */ = {
			isa = PBXResourcesBuildPhase;
			buildActionMask = 2147483647;
			files = (
				BC77223829C4C86D0056886F /* Fancaster_prov.mobileprovision in Resources */,
				BC72B60C296B9F5E00277CCB /* Preview Assets.xcassets in Resources */,
				BCBCB1C529A291AC00530138 /* GoogleService-Info.plist in Resources */,
				BC72B609296B9F5E00277CCB /* Assets.xcassets in Resources */,
				BCF4B6B829AEC7B60008014C /* Splash.storyboard in Resources */,
				BCBCB1C329A28F1D00530138 /* Main.storyboard in Resources */,
			);
			runOnlyForDeploymentPostprocessing = 0;
		};
		BC72B60F296B9F5E00277CCB /* Resources */ = {
			isa = PBXResourcesBuildPhase;
			buildActionMask = 2147483647;
			files = (
			);
			runOnlyForDeploymentPostprocessing = 0;
		};
		BC72B619296B9F5F00277CCB /* Resources */ = {
			isa = PBXResourcesBuildPhase;
			buildActionMask = 2147483647;
			files = (
			);
			runOnlyForDeploymentPostprocessing = 0;
		};
/* End PBXResourcesBuildPhase section */

/* Begin PBXSourcesBuildPhase section */
		BC72B5FD296B9F5B00277CCB /* Sources */ = {
			isa = PBXSourcesBuildPhase;
			buildActionMask = 2147483647;
			files = (
				BC72B62F296BD0E600277CCB /* LoginView.swift in Sources */,
				BC72B607296B9F5B00277CCB /* ContentView.swift in Sources */,
				BC4A1AA5299D88C4006BFC05 /* PiPVideoMixer.swift in Sources */,
				BCE5A18529AD53B80058086D /* WaitingForConnection.swift in Sources */,
				BCBCB1D829A292D600530138 /* CheckListItem.swift in Sources */,
				BC4A1AA3299D88C4006BFC05 /* CameraViewController.swift in Sources */,
				BCC1580429732EDC00CC0CB9 /* WaitingView.swift in Sources */,
				BCF4B6B629AE88D90008014C /* MenuView.swift in Sources */,
				BCC1580029731CF000CC0CB9 /* OtpViewModel.swift in Sources */,
				BCC157FE2972739900CC0CB9 /* OtpView.swift in Sources */,
				BC4A1AA6299D88C4006BFC05 /* MovieRecorder.swift in Sources */,
				BCBCB1D629A292AA00530138 /* CheckListData.swift in Sources */,
				BCC1580629734A9300CC0CB9 /* HomeView.swift in Sources */,
				BC4A1AA1299D88C4006BFC05 /* Utilities.swift in Sources */,
				BCC158082973781F00CC0CB9 /* ChannelSelectionView.swift in Sources */,
				BCC1580229732D4B00CC0CB9 /* SignUpView.swift in Sources */,
				BC34831C29A57565005DA547 /* TransitionScreenView.swift in Sources */,
				BC72B605296B9F5B00277CCB /* FancasterApp.swift in Sources */,
				BCB8F60429B0EEB900E1D353 /* SignUpViewModel.swift in Sources */,
				BC4A1AA2299D88C4006BFC05 /* PiPMixer.metal in Sources */,
				BC4A1AA4299D88C4006BFC05 /* PreviewView.swift in Sources */,
				BC330F1129C61903005334FD /* CheckBoxView.swift in Sources */,
				BCB5DDC52996A05100A03BAE /* FrameView.swift in Sources */,
				BCF4B6BA29AEC8350008014C /* SplashViewController.swift in Sources */,
				BCF4B6BC29AED4740008014C /* User.swift in Sources */,
			);
			runOnlyForDeploymentPostprocessing = 0;
		};
		BC72B60D296B9F5E00277CCB /* Sources */ = {
			isa = PBXSourcesBuildPhase;
			buildActionMask = 2147483647;
			files = (
				BC72B616296B9F5E00277CCB /* FancasterTests.swift in Sources */,
			);
			runOnlyForDeploymentPostprocessing = 0;
		};
		BC72B617296B9F5F00277CCB /* Sources */ = {
			isa = PBXSourcesBuildPhase;
			buildActionMask = 2147483647;
			files = (
				BC72B622296B9F5F00277CCB /* FancasterUITestsLaunchTests.swift in Sources */,
				BC72B620296B9F5F00277CCB /* FancasterUITests.swift in Sources */,
			);
			runOnlyForDeploymentPostprocessing = 0;
		};
/* End PBXSourcesBuildPhase section */

/* Begin PBXTargetDependency section */
		BC72B613296B9F5E00277CCB /* PBXTargetDependency */ = {
			isa = PBXTargetDependency;
			target = BC72B600296B9F5B00277CCB /* Fancaster */;
			targetProxy = BC72B612296B9F5E00277CCB /* PBXContainerItemProxy */;
		};
		BC72B61D296B9F5F00277CCB /* PBXTargetDependency */ = {
			isa = PBXTargetDependency;
			target = BC72B600296B9F5B00277CCB /* Fancaster */;
			targetProxy = BC72B61C296B9F5F00277CCB /* PBXContainerItemProxy */;
		};
/* End PBXTargetDependency section */

/* Begin XCBuildConfiguration section */
		BC72B623296B9F5F00277CCB /* Debug */ = {
			isa = XCBuildConfiguration;
			buildSettings = {
				ALWAYS_SEARCH_USER_PATHS = NO;
				CLANG_ANALYZER_NONNULL = YES;
				CLANG_ANALYZER_NUMBER_OBJECT_CONVERSION = YES_AGGRESSIVE;
				CLANG_CXX_LANGUAGE_STANDARD = "gnu++20";
				CLANG_ENABLE_MODULES = YES;
				CLANG_ENABLE_OBJC_ARC = YES;
				CLANG_ENABLE_OBJC_WEAK = YES;
				CLANG_WARN_BLOCK_CAPTURE_AUTORELEASING = YES;
				CLANG_WARN_BOOL_CONVERSION = YES;
				CLANG_WARN_COMMA = YES;
				CLANG_WARN_CONSTANT_CONVERSION = YES;
				CLANG_WARN_DEPRECATED_OBJC_IMPLEMENTATIONS = YES;
				CLANG_WARN_DIRECT_OBJC_ISA_USAGE = YES_ERROR;
				CLANG_WARN_DOCUMENTATION_COMMENTS = YES;
				CLANG_WARN_EMPTY_BODY = YES;
				CLANG_WARN_ENUM_CONVERSION = YES;
				CLANG_WARN_INFINITE_RECURSION = YES;
				CLANG_WARN_INT_CONVERSION = YES;
				CLANG_WARN_NON_LITERAL_NULL_CONVERSION = YES;
				CLANG_WARN_OBJC_IMPLICIT_RETAIN_SELF = YES;
				CLANG_WARN_OBJC_LITERAL_CONVERSION = YES;
				CLANG_WARN_OBJC_ROOT_CLASS = YES_ERROR;
				CLANG_WARN_QUOTED_INCLUDE_IN_FRAMEWORK_HEADER = YES;
				CLANG_WARN_RANGE_LOOP_ANALYSIS = YES;
				CLANG_WARN_STRICT_PROTOTYPES = YES;
				CLANG_WARN_SUSPICIOUS_MOVE = YES;
				CLANG_WARN_UNGUARDED_AVAILABILITY = YES_AGGRESSIVE;
				CLANG_WARN_UNREACHABLE_CODE = YES;
				CLANG_WARN__DUPLICATE_METHOD_MATCH = YES;
				COPY_PHASE_STRIP = NO;
				DEBUG_INFORMATION_FORMAT = dwarf;
				ENABLE_STRICT_OBJC_MSGSEND = YES;
				ENABLE_TESTABILITY = YES;
				GCC_C_LANGUAGE_STANDARD = gnu11;
				GCC_DYNAMIC_NO_PIC = NO;
				GCC_NO_COMMON_BLOCKS = YES;
				GCC_OPTIMIZATION_LEVEL = 0;
				GCC_PREPROCESSOR_DEFINITIONS = (
					"DEBUG=1",
					"$(inherited)",
				);
				GCC_WARN_64_TO_32_BIT_CONVERSION = YES;
				GCC_WARN_ABOUT_RETURN_TYPE = YES_ERROR;
				GCC_WARN_UNDECLARED_SELECTOR = YES;
				GCC_WARN_UNINITIALIZED_AUTOS = YES_AGGRESSIVE;
				GCC_WARN_UNUSED_FUNCTION = YES;
				GCC_WARN_UNUSED_VARIABLE = YES;
				IPHONEOS_DEPLOYMENT_TARGET = 16.2;
				MTL_ENABLE_DEBUG_INFO = INCLUDE_SOURCE;
				MTL_FAST_MATH = YES;
				ONLY_ACTIVE_ARCH = YES;
				SDKROOT = iphoneos;
				SWIFT_ACTIVE_COMPILATION_CONDITIONS = DEBUG;
				SWIFT_OPTIMIZATION_LEVEL = "-Onone";
			};
			name = Debug;
		};
		BC72B624296B9F5F00277CCB /* Release */ = {
			isa = XCBuildConfiguration;
			buildSettings = {
				ALWAYS_SEARCH_USER_PATHS = NO;
				CLANG_ANALYZER_NONNULL = YES;
				CLANG_ANALYZER_NUMBER_OBJECT_CONVERSION = YES_AGGRESSIVE;
				CLANG_CXX_LANGUAGE_STANDARD = "gnu++20";
				CLANG_ENABLE_MODULES = YES;
				CLANG_ENABLE_OBJC_ARC = YES;
				CLANG_ENABLE_OBJC_WEAK = YES;
				CLANG_WARN_BLOCK_CAPTURE_AUTORELEASING = YES;
				CLANG_WARN_BOOL_CONVERSION = YES;
				CLANG_WARN_COMMA = YES;
				CLANG_WARN_CONSTANT_CONVERSION = YES;
				CLANG_WARN_DEPRECATED_OBJC_IMPLEMENTATIONS = YES;
				CLANG_WARN_DIRECT_OBJC_ISA_USAGE = YES_ERROR;
				CLANG_WARN_DOCUMENTATION_COMMENTS = YES;
				CLANG_WARN_EMPTY_BODY = YES;
				CLANG_WARN_ENUM_CONVERSION = YES;
				CLANG_WARN_INFINITE_RECURSION = YES;
				CLANG_WARN_INT_CONVERSION = YES;
				CLANG_WARN_NON_LITERAL_NULL_CONVERSION = YES;
				CLANG_WARN_OBJC_IMPLICIT_RETAIN_SELF = YES;
				CLANG_WARN_OBJC_LITERAL_CONVERSION = YES;
				CLANG_WARN_OBJC_ROOT_CLASS = YES_ERROR;
				CLANG_WARN_QUOTED_INCLUDE_IN_FRAMEWORK_HEADER = YES;
				CLANG_WARN_RANGE_LOOP_ANALYSIS = YES;
				CLANG_WARN_STRICT_PROTOTYPES = YES;
				CLANG_WARN_SUSPICIOUS_MOVE = YES;
				CLANG_WARN_UNGUARDED_AVAILABILITY = YES_AGGRESSIVE;
				CLANG_WARN_UNREACHABLE_CODE = YES;
				CLANG_WARN__DUPLICATE_METHOD_MATCH = YES;
				COPY_PHASE_STRIP = NO;
				DEBUG_INFORMATION_FORMAT = "dwarf-with-dsym";
				ENABLE_NS_ASSERTIONS = NO;
				ENABLE_STRICT_OBJC_MSGSEND = YES;
				GCC_C_LANGUAGE_STANDARD = gnu11;
				GCC_NO_COMMON_BLOCKS = YES;
				GCC_WARN_64_TO_32_BIT_CONVERSION = YES;
				GCC_WARN_ABOUT_RETURN_TYPE = YES_ERROR;
				GCC_WARN_UNDECLARED_SELECTOR = YES;
				GCC_WARN_UNINITIALIZED_AUTOS = YES_AGGRESSIVE;
				GCC_WARN_UNUSED_FUNCTION = YES;
				GCC_WARN_UNUSED_VARIABLE = YES;
				IPHONEOS_DEPLOYMENT_TARGET = 16.2;
				MTL_ENABLE_DEBUG_INFO = NO;
				MTL_FAST_MATH = YES;
				SDKROOT = iphoneos;
				SWIFT_COMPILATION_MODE = wholemodule;
				SWIFT_OPTIMIZATION_LEVEL = "-O";
				VALIDATE_PRODUCT = YES;
			};
			name = Release;
		};
		BC72B626296B9F5F00277CCB /* Debug */ = {
			isa = XCBuildConfiguration;
			buildSettings = {
				ASSETCATALOG_COMPILER_APPICON_NAME = AppIcon;
				ASSETCATALOG_COMPILER_GLOBAL_ACCENT_COLOR_NAME = AccentColor;
				ASSETCATALOG_COMPILER_INCLUDE_ALL_APPICON_ASSETS = YES;
				CODE_SIGN_ENTITLEMENTS = Fancaster/Fancaster.entitlements;
				CODE_SIGN_IDENTITY = "Apple Development";
				"CODE_SIGN_IDENTITY[sdk=iphoneos*]" = "iPhone Developer";
				CODE_SIGN_STYLE = Manual;
				CURRENT_PROJECT_VERSION = 1;
				DEVELOPMENT_ASSET_PATHS = "\"Fancaster/Preview Content\"";
				DEVELOPMENT_TEAM = "";
				"DEVELOPMENT_TEAM[sdk=iphoneos*]" = 2X8VP8NDHU;
				ENABLE_PREVIEWS = YES;
				GENERATE_INFOPLIST_FILE = YES;
				INFOPLIST_FILE = Fancaster/Info.plist;
				INFOPLIST_KEY_LSApplicationCategoryType = "public.app-category.social-networking";
				INFOPLIST_KEY_NSCameraUsageDescription = "Need camera to test";
				INFOPLIST_KEY_NSMicrophoneUsageDescription = "Need Microphone ";
				INFOPLIST_KEY_NSPhotoLibraryUsageDescription = "Need access to photo library";
				INFOPLIST_KEY_UIApplicationSceneManifest_Generation = YES;
				INFOPLIST_KEY_UIApplicationSupportsIndirectInputEvents = YES;
				INFOPLIST_KEY_UILaunchStoryboardName = Splash.storyboard;
				INFOPLIST_KEY_UIRequiresFullScreen = YES;
				INFOPLIST_KEY_UISupportedInterfaceOrientations = UIInterfaceOrientationPortrait;
				IPHONEOS_DEPLOYMENT_TARGET = 16.0;
				LD_RUNPATH_SEARCH_PATHS = (
					"$(inherited)",
					"@executable_path/Frameworks",
				);
				MARKETING_VERSION = 8;
				PRODUCT_BUNDLE_IDENTIFIER = com.chetandavdra.fancaster;
				PRODUCT_NAME = "$(TARGET_NAME)";
				PROVISIONING_PROFILE_SPECIFIER = "";
				"PROVISIONING_PROFILE_SPECIFIER[sdk=iphoneos*]" = Fancaster_prov;
				SWIFT_EMIT_LOC_STRINGS = YES;
				SWIFT_VERSION = 5.0;
				TARGETED_DEVICE_FAMILY = "1,2";
			};
			name = Debug;
		};
		BC72B627296B9F5F00277CCB /* Release */ = {
			isa = XCBuildConfiguration;
			buildSettings = {
				ASSETCATALOG_COMPILER_APPICON_NAME = AppIcon;
				ASSETCATALOG_COMPILER_GLOBAL_ACCENT_COLOR_NAME = AccentColor;
				ASSETCATALOG_COMPILER_INCLUDE_ALL_APPICON_ASSETS = YES;
				CODE_SIGN_ENTITLEMENTS = Fancaster/Fancaster.entitlements;
				CODE_SIGN_IDENTITY = "Apple Development";
				"CODE_SIGN_IDENTITY[sdk=iphoneos*]" = "iPhone Developer";
				CODE_SIGN_STYLE = Manual;
				CURRENT_PROJECT_VERSION = 1;
				DEVELOPMENT_ASSET_PATHS = "\"Fancaster/Preview Content\"";
				DEVELOPMENT_TEAM = "";
				"DEVELOPMENT_TEAM[sdk=iphoneos*]" = 2X8VP8NDHU;
				ENABLE_PREVIEWS = YES;
				GENERATE_INFOPLIST_FILE = YES;
				INFOPLIST_FILE = Fancaster/Info.plist;
				INFOPLIST_KEY_LSApplicationCategoryType = "public.app-category.social-networking";
				INFOPLIST_KEY_NSCameraUsageDescription = "Need camera to test";
				INFOPLIST_KEY_NSMicrophoneUsageDescription = "Need Microphone ";
				INFOPLIST_KEY_NSPhotoLibraryUsageDescription = "Need access to photo library";
				INFOPLIST_KEY_UIApplicationSceneManifest_Generation = YES;
				INFOPLIST_KEY_UIApplicationSupportsIndirectInputEvents = YES;
				INFOPLIST_KEY_UILaunchStoryboardName = Splash.storyboard;
				INFOPLIST_KEY_UIRequiresFullScreen = YES;
				INFOPLIST_KEY_UISupportedInterfaceOrientations = UIInterfaceOrientationPortrait;
				IPHONEOS_DEPLOYMENT_TARGET = 16.0;
				LD_RUNPATH_SEARCH_PATHS = (
					"$(inherited)",
					"@executable_path/Frameworks",
				);
				MARKETING_VERSION = 8;
				PRODUCT_BUNDLE_IDENTIFIER = com.chetandavdra.fancaster;
				PRODUCT_NAME = "$(TARGET_NAME)";
				PROVISIONING_PROFILE_SPECIFIER = "";
				"PROVISIONING_PROFILE_SPECIFIER[sdk=iphoneos*]" = Fancaster_prov;
				SWIFT_EMIT_LOC_STRINGS = YES;
				SWIFT_VERSION = 5.0;
				TARGETED_DEVICE_FAMILY = "1,2";
			};
			name = Release;
		};
		BC72B629296B9F5F00277CCB /* Debug */ = {
			isa = XCBuildConfiguration;
			buildSettings = {
				ALWAYS_EMBED_SWIFT_STANDARD_LIBRARIES = YES;
				BUNDLE_LOADER = "$(TEST_HOST)";
				CODE_SIGN_STYLE = Automatic;
				CURRENT_PROJECT_VERSION = 1;
				DEVELOPMENT_TEAM = 95H8772G6W;
				GENERATE_INFOPLIST_FILE = YES;
				IPHONEOS_DEPLOYMENT_TARGET = 16.2;
				MARKETING_VERSION = 1.0;
				PRODUCT_BUNDLE_IDENTIFIER = com.1337labs.FancasterTests;
				PRODUCT_NAME = "$(TARGET_NAME)";
				SWIFT_EMIT_LOC_STRINGS = NO;
				SWIFT_VERSION = 5.0;
				TARGETED_DEVICE_FAMILY = "1,2";
				TEST_HOST = "$(BUILT_PRODUCTS_DIR)/Fancaster.app/$(BUNDLE_EXECUTABLE_FOLDER_PATH)/Fancaster";
			};
			name = Debug;
		};
		BC72B62A296B9F5F00277CCB /* Release */ = {
			isa = XCBuildConfiguration;
			buildSettings = {
				ALWAYS_EMBED_SWIFT_STANDARD_LIBRARIES = YES;
				BUNDLE_LOADER = "$(TEST_HOST)";
				CODE_SIGN_STYLE = Automatic;
				CURRENT_PROJECT_VERSION = 1;
				DEVELOPMENT_TEAM = 95H8772G6W;
				GENERATE_INFOPLIST_FILE = YES;
				IPHONEOS_DEPLOYMENT_TARGET = 16.2;
				MARKETING_VERSION = 1.0;
				PRODUCT_BUNDLE_IDENTIFIER = com.1337labs.FancasterTests;
				PRODUCT_NAME = "$(TARGET_NAME)";
				SWIFT_EMIT_LOC_STRINGS = NO;
				SWIFT_VERSION = 5.0;
				TARGETED_DEVICE_FAMILY = "1,2";
				TEST_HOST = "$(BUILT_PRODUCTS_DIR)/Fancaster.app/$(BUNDLE_EXECUTABLE_FOLDER_PATH)/Fancaster";
			};
			name = Release;
		};
		BC72B62C296B9F5F00277CCB /* Debug */ = {
			isa = XCBuildConfiguration;
			buildSettings = {
				ALWAYS_EMBED_SWIFT_STANDARD_LIBRARIES = YES;
				CODE_SIGN_STYLE = Automatic;
				CURRENT_PROJECT_VERSION = 1;
				DEVELOPMENT_TEAM = 95H8772G6W;
				GENERATE_INFOPLIST_FILE = YES;
				MARKETING_VERSION = 1.0;
				PRODUCT_BUNDLE_IDENTIFIER = com.1337labs.FancasterUITests;
				PRODUCT_NAME = "$(TARGET_NAME)";
				SWIFT_EMIT_LOC_STRINGS = NO;
				SWIFT_VERSION = 5.0;
				TARGETED_DEVICE_FAMILY = "1,2";
				TEST_TARGET_NAME = Fancaster;
			};
			name = Debug;
		};
		BC72B62D296B9F5F00277CCB /* Release */ = {
			isa = XCBuildConfiguration;
			buildSettings = {
				ALWAYS_EMBED_SWIFT_STANDARD_LIBRARIES = YES;
				CODE_SIGN_STYLE = Automatic;
				CURRENT_PROJECT_VERSION = 1;
				DEVELOPMENT_TEAM = 95H8772G6W;
				GENERATE_INFOPLIST_FILE = YES;
				MARKETING_VERSION = 1.0;
				PRODUCT_BUNDLE_IDENTIFIER = com.1337labs.FancasterUITests;
				PRODUCT_NAME = "$(TARGET_NAME)";
				SWIFT_EMIT_LOC_STRINGS = NO;
				SWIFT_VERSION = 5.0;
				TARGETED_DEVICE_FAMILY = "1,2";
				TEST_TARGET_NAME = Fancaster;
			};
			name = Release;
		};
/* End XCBuildConfiguration section */

/* Begin XCConfigurationList section */
		BC72B5FC296B9F5B00277CCB /* Build configuration list for PBXProject "Fancaster" */ = {
			isa = XCConfigurationList;
			buildConfigurations = (
				BC72B623296B9F5F00277CCB /* Debug */,
				BC72B624296B9F5F00277CCB /* Release */,
			);
			defaultConfigurationIsVisible = 0;
			defaultConfigurationName = Release;
		};
		BC72B625296B9F5F00277CCB /* Build configuration list for PBXNativeTarget "Fancaster" */ = {
			isa = XCConfigurationList;
			buildConfigurations = (
				BC72B626296B9F5F00277CCB /* Debug */,
				BC72B627296B9F5F00277CCB /* Release */,
			);
			defaultConfigurationIsVisible = 0;
			defaultConfigurationName = Release;
		};
		BC72B628296B9F5F00277CCB /* Build configuration list for PBXNativeTarget "FancasterTests" */ = {
			isa = XCConfigurationList;
			buildConfigurations = (
				BC72B629296B9F5F00277CCB /* Debug */,
				BC72B62A296B9F5F00277CCB /* Release */,
			);
			defaultConfigurationIsVisible = 0;
			defaultConfigurationName = Release;
		};
		BC72B62B296B9F5F00277CCB /* Build configuration list for PBXNativeTarget "FancasterUITests" */ = {
			isa = XCConfigurationList;
			buildConfigurations = (
				BC72B62C296B9F5F00277CCB /* Debug */,
				BC72B62D296B9F5F00277CCB /* Release */,
			);
			defaultConfigurationIsVisible = 0;
			defaultConfigurationName = Release;
		};
/* End XCConfigurationList section */

/* Begin XCRemoteSwiftPackageReference section */
		BCBCB1C629A2927E00530138 /* XCRemoteSwiftPackageReference "firebase-ios-sdk" */ = {
			isa = XCRemoteSwiftPackageReference;
			repositoryURL = "https://github.com/firebase/firebase-ios-sdk";
			requirement = {
				kind = upToNextMajorVersion;
				minimumVersion = 9.0.0;
			};
		};
		BCBCB1F029A2B4EE00530138 /* XCRemoteSwiftPackageReference "SwiftUIRouter" */ = {
			isa = XCRemoteSwiftPackageReference;
			repositoryURL = "https://github.com/frzi/SwiftUIRouter.git";
			requirement = {
				kind = upToNextMajorVersion;
				minimumVersion = 1.0.0;
			};
		};
/* End XCRemoteSwiftPackageReference section */

/* Begin XCSwiftPackageProductDependency section */
		BCBCB1C729A2927E00530138 /* FirebaseAnalytics */ = {
			isa = XCSwiftPackageProductDependency;
			package = BCBCB1C629A2927E00530138 /* XCRemoteSwiftPackageReference "firebase-ios-sdk" */;
			productName = FirebaseAnalytics;
		};
		BCBCB1C929A2927E00530138 /* FirebaseAnalyticsOnDeviceConversion */ = {
			isa = XCSwiftPackageProductDependency;
			package = BCBCB1C629A2927E00530138 /* XCRemoteSwiftPackageReference "firebase-ios-sdk" */;
			productName = FirebaseAnalyticsOnDeviceConversion;
		};
		BCBCB1CB29A2927E00530138 /* FirebaseAnalyticsSwift */ = {
			isa = XCSwiftPackageProductDependency;
			package = BCBCB1C629A2927E00530138 /* XCRemoteSwiftPackageReference "firebase-ios-sdk" */;
			productName = FirebaseAnalyticsSwift;
		};
		BCBCB1CD29A2927E00530138 /* FirebaseAnalyticsWithoutAdIdSupport */ = {
			isa = XCSwiftPackageProductDependency;
			package = BCBCB1C629A2927E00530138 /* XCRemoteSwiftPackageReference "firebase-ios-sdk" */;
			productName = FirebaseAnalyticsWithoutAdIdSupport;
		};
		BCBCB1CF29A2927E00530138 /* FirebaseAppDistribution-Beta */ = {
			isa = XCSwiftPackageProductDependency;
			package = BCBCB1C629A2927E00530138 /* XCRemoteSwiftPackageReference "firebase-ios-sdk" */;
			productName = "FirebaseAppDistribution-Beta";
		};
		BCBCB1D129A2927E00530138 /* FirebaseAuth */ = {
			isa = XCSwiftPackageProductDependency;
			package = BCBCB1C629A2927E00530138 /* XCRemoteSwiftPackageReference "firebase-ios-sdk" */;
			productName = FirebaseAuth;
		};
		BCBCB1D329A2927E00530138 /* FirebaseCrashlytics */ = {
			isa = XCSwiftPackageProductDependency;
			package = BCBCB1C629A2927E00530138 /* XCRemoteSwiftPackageReference "firebase-ios-sdk" */;
			productName = FirebaseCrashlytics;
		};
		BCBCB1F129A2B4EE00530138 /* SwiftUIRouter */ = {
			isa = XCSwiftPackageProductDependency;
			package = BCBCB1F029A2B4EE00530138 /* XCRemoteSwiftPackageReference "SwiftUIRouter" */;
			productName = SwiftUIRouter;
		};
/* End XCSwiftPackageProductDependency section */
	};
	rootObject = BC72B5F9296B9F5B00277CCB /* Project object */;
}
